{
  "version": 4,
  "terraform_version": "0.15.1",
  "serial": 13,
  "lineage": "1fa2e482-1dab-be54-d134-413454e56a8c",
  "outputs": {
    "vm_id": {
      "value": "/subscriptions/5a8d2bcf-85f4-4625-a08e-162fcb039c1a/resourceGroups/devops_rg/providers/Microsoft.Compute/virtualMachines/Devops_VM",
      "type": "string"
    }
  },
  "resources": [
    {
      "mode": "managed",
      "type": "azurerm_image",
      "name": "image",
      "provider": "provider[\"registry.terraform.io/hashicorp/azurerm\"]",
      "instances": [
        {
          "schema_version": 0,
          "attributes": {
            "data_disk": [],
            "hyper_v_generation": "V1",
            "id": "/subscriptions/5a8d2bcf-85f4-4625-a08e-162fcb039c1a/resourceGroups/devops_rg/providers/Microsoft.Compute/images/Devops_VM-image-randam-20210513091936",
            "location": "eastus",
            "name": "Devops_VM-image-randam-20210513091936",
            "os_disk": [],
            "resource_group_name": "devops_rg",
            "source_virtual_machine_id": "/subscriptions/5a8d2bcf-85f4-4625-a08e-162fcb039c1a/resourceGroups/devops_rg/providers/Microsoft.Compute/virtualMachines/Devops_VM",
            "tags": null,
            "timeouts": null,
            "zone_resilient": false
          },
          "sensitive_attributes": [],
          "private": "eyJlMmJmYjczMC1lY2FhLTExZTYtOGY4OC0zNDM2M2JjN2M0YzAiOnsiY3JlYXRlIjo1NDAwMDAwMDAwMDAwLCJkZWxldGUiOjU0MDAwMDAwMDAwMDAsInJlYWQiOjMwMDAwMDAwMDAwMCwidXBkYXRlIjo1NDAwMDAwMDAwMDAwfX0=",
          "dependencies": [
            "azurerm_resource_group.devops_rg",
            "azurerm_virtual_machine.Devops_VM"
          ]
        }
      ]
    },
    {
      "mode": "managed",
      "type": "azurerm_network_interface",
      "name": "Devops_Interface",
      "provider": "provider[\"registry.terraform.io/hashicorp/azurerm\"]",
      "instances": [
        {
          "schema_version": 0,
          "attributes": {
            "applied_dns_servers": [],
            "dns_servers": [],
            "enable_accelerated_networking": false,
            "enable_ip_forwarding": false,
            "id": "/subscriptions/5a8d2bcf-85f4-4625-a08e-162fcb039c1a/resourceGroups/devops_rg/providers/Microsoft.Network/networkInterfaces/acDevops_Interfacectni",
            "internal_dns_name_label": "",
            "internal_domain_name_suffix": "",
            "ip_configuration": [
              {
                "name": "testconfiguration1",
                "primary": true,
                "private_ip_address": "10.1.2.4",
                "private_ip_address_allocation": "Dynamic",
                "private_ip_address_version": "IPv4",
                "public_ip_address_id": "/subscriptions/5a8d2bcf-85f4-4625-a08e-162fcb039c1a/resourceGroups/devops_rg/providers/Microsoft.Network/publicIPAddresses/Devops_VM-public-ip",
                "subnet_id": "/subscriptions/5a8d2bcf-85f4-4625-a08e-162fcb039c1a/resourceGroups/devops_rg/providers/Microsoft.Network/virtualNetworks/Deveops_VNET/subnets/Deveops_subnet"
              }
            ],
            "location": "eastus",
            "mac_address": "00-0D-3A-13-DB-4E",
            "name": "acDevops_Interfacectni",
            "private_ip_address": "10.1.2.4",
            "private_ip_addresses": [
              "10.1.2.4"
            ],
            "resource_group_name": "devops_rg",
            "tags": {},
            "timeouts": null,
            "virtual_machine_id": "/subscriptions/5a8d2bcf-85f4-4625-a08e-162fcb039c1a/resourceGroups/devops_rg/providers/Microsoft.Compute/virtualMachines/Devops_VM"
          },
          "sensitive_attributes": [],
          "private": "eyJlMmJmYjczMC1lY2FhLTExZTYtOGY4OC0zNDM2M2JjN2M0YzAiOnsiY3JlYXRlIjoxODAwMDAwMDAwMDAwLCJkZWxldGUiOjE4MDAwMDAwMDAwMDAsInJlYWQiOjMwMDAwMDAwMDAwMCwidXBkYXRlIjoxODAwMDAwMDAwMDAwfX0=",
          "dependencies": [
            "azurerm_virtual_network.Deveops_VNET",
            "azurerm_public_ip.demo-instance",
            "azurerm_resource_group.devops_rg",
            "azurerm_subnet.Deveops_subnet"
          ]
        }
      ]
    },
    {
      "mode": "managed",
      "type": "azurerm_network_security_group",
      "name": "allow-ssh",
      "provider": "provider[\"registry.terraform.io/hashicorp/azurerm\"]",
      "instances": [
        {
          "schema_version": 0,
          "attributes": {
            "id": "/subscriptions/5a8d2bcf-85f4-4625-a08e-162fcb039c1a/resourceGroups/devops_rg/providers/Microsoft.Network/networkSecurityGroups/Devops_VM-allow-ssh",
            "location": "eastus",
            "name": "Devops_VM-allow-ssh",
            "resource_group_name": "devops_rg",
            "security_rule": [
              {
                "access": "Allow",
                "description": "",
                "destination_address_prefix": "*",
                "destination_address_prefixes": [],
                "destination_application_security_group_ids": [],
                "destination_port_range": "22",
                "destination_port_ranges": [],
                "direction": "Inbound",
                "name": "SSH",
                "priority": 1001,
                "protocol": "Tcp",
                "source_address_prefix": "*",
                "source_address_prefixes": [],
                "source_application_security_group_ids": [],
                "source_port_range": "*",
                "source_port_ranges": []
              }
            ],
            "tags": {},
            "timeouts": null
          },
          "sensitive_attributes": [],
          "private": "eyJlMmJmYjczMC1lY2FhLTExZTYtOGY4OC0zNDM2M2JjN2M0YzAiOnsiY3JlYXRlIjoxODAwMDAwMDAwMDAwLCJkZWxldGUiOjE4MDAwMDAwMDAwMDAsInJlYWQiOjMwMDAwMDAwMDAwMCwidXBkYXRlIjoxODAwMDAwMDAwMDAwfX0=",
          "dependencies": [
            "azurerm_resource_group.devops_rg"
          ]
        }
      ]
    },
    {
      "mode": "managed",
      "type": "azurerm_public_ip",
      "name": "demo-instance",
      "provider": "provider[\"registry.terraform.io/hashicorp/azurerm\"]",
      "instances": [
        {
          "schema_version": 0,
          "attributes": {
            "allocation_method": "Dynamic",
            "domain_name_label": null,
            "fqdn": null,
            "id": "/subscriptions/5a8d2bcf-85f4-4625-a08e-162fcb039c1a/resourceGroups/devops_rg/providers/Microsoft.Network/publicIPAddresses/Devops_VM-public-ip",
            "idle_timeout_in_minutes": 4,
            "ip_address": "",
            "ip_tags": {},
            "ip_version": "IPv4",
            "location": "eastus",
            "name": "Devops_VM-public-ip",
            "public_ip_prefix_id": null,
            "resource_group_name": "devops_rg",
            "reverse_fqdn": null,
            "sku": "Basic",
            "tags": {},
            "timeouts": null,
            "zones": []
          },
          "sensitive_attributes": [],
          "private": "eyJlMmJmYjczMC1lY2FhLTExZTYtOGY4OC0zNDM2M2JjN2M0YzAiOnsiY3JlYXRlIjoxODAwMDAwMDAwMDAwLCJkZWxldGUiOjE4MDAwMDAwMDAwMDAsInJlYWQiOjMwMDAwMDAwMDAwMCwidXBkYXRlIjoxODAwMDAwMDAwMDAwfX0=",
          "dependencies": [
            "azurerm_resource_group.devops_rg"
          ]
        }
      ]
    },
    {
      "mode": "managed",
      "type": "azurerm_resource_group",
      "name": "devops_rg",
      "provider": "provider[\"registry.terraform.io/hashicorp/azurerm\"]",
      "instances": [
        {
          "schema_version": 0,
          "attributes": {
            "id": "/subscriptions/5a8d2bcf-85f4-4625-a08e-162fcb039c1a/resourceGroups/devops_rg",
            "location": "eastus",
            "name": "devops_rg",
            "tags": {},
            "timeouts": null
          },
          "sensitive_attributes": [],
          "private": "eyJlMmJmYjczMC1lY2FhLTExZTYtOGY4OC0zNDM2M2JjN2M0YzAiOnsiY3JlYXRlIjo1NDAwMDAwMDAwMDAwLCJkZWxldGUiOjU0MDAwMDAwMDAwMDAsInJlYWQiOjMwMDAwMDAwMDAwMCwidXBkYXRlIjo1NDAwMDAwMDAwMDAwfX0="
        }
      ]
    },
    {
      "mode": "managed",
      "type": "azurerm_subnet",
      "name": "Deveops_subnet",
      "provider": "provider[\"registry.terraform.io/hashicorp/azurerm\"]",
      "instances": [
        {
          "schema_version": 0,
          "attributes": {
            "address_prefix": "10.1.2.0/24",
            "address_prefixes": [
              "10.1.2.0/24"
            ],
            "delegation": [],
            "enforce_private_link_endpoint_network_policies": false,
            "enforce_private_link_service_network_policies": false,
            "id": "/subscriptions/5a8d2bcf-85f4-4625-a08e-162fcb039c1a/resourceGroups/devops_rg/providers/Microsoft.Network/virtualNetworks/Deveops_VNET/subnets/Deveops_subnet",
            "name": "Deveops_subnet",
            "resource_group_name": "devops_rg",
            "service_endpoint_policy_ids": [],
            "service_endpoints": [],
            "timeouts": null,
            "virtual_network_name": "Deveops_VNET"
          },
          "sensitive_attributes": [],
          "private": "eyJlMmJmYjczMC1lY2FhLTExZTYtOGY4OC0zNDM2M2JjN2M0YzAiOnsiY3JlYXRlIjoxODAwMDAwMDAwMDAwLCJkZWxldGUiOjE4MDAwMDAwMDAwMDAsInJlYWQiOjMwMDAwMDAwMDAwMCwidXBkYXRlIjoxODAwMDAwMDAwMDAwfX0=",
          "dependencies": [
            "azurerm_resource_group.devops_rg",
            "azurerm_virtual_network.Deveops_VNET"
          ]
        }
      ]
    },
    {
      "mode": "managed",
      "type": "azurerm_virtual_machine",
      "name": "Devops_VM",
      "provider": "provider[\"registry.terraform.io/hashicorp/azurerm\"]",
      "instances": [
        {
          "schema_version": 0,
          "attributes": {
            "additional_capabilities": [],
            "availability_set_id": null,
            "boot_diagnostics": [],
            "delete_data_disks_on_termination": false,
            "delete_os_disk_on_termination": false,
            "id": "/subscriptions/5a8d2bcf-85f4-4625-a08e-162fcb039c1a/resourceGroups/devops_rg/providers/Microsoft.Compute/virtualMachines/Devops_VM",
            "identity": [],
            "license_type": null,
            "location": "eastus",
            "name": "Devops_VM",
            "network_interface_ids": [
              "/subscriptions/5a8d2bcf-85f4-4625-a08e-162fcb039c1a/resourceGroups/devops_rg/providers/Microsoft.Network/networkInterfaces/acDevops_Interfacectni"
            ],
            "os_profile": [
              {
                "admin_password": "",
                "admin_username": "testadmin",
                "computer_name": "hostname",
                "custom_data": ""
              }
            ],
            "os_profile_linux_config": [
              {
                "disable_password_authentication": false,
                "ssh_keys": []
              }
            ],
            "os_profile_secrets": [],
            "os_profile_windows_config": [],
            "plan": [],
            "primary_network_interface_id": null,
            "proximity_placement_group_id": null,
            "resource_group_name": "devops_rg",
            "storage_data_disk": [],
            "storage_image_reference": [
              {
                "id": "",
                "offer": "UbuntuServer",
                "publisher": "Canonical",
                "sku": "16.04-LTS",
                "version": "latest"
              }
            ],
            "storage_os_disk": [
              {
                "caching": "ReadWrite",
                "create_option": "FromImage",
                "disk_size_gb": 30,
                "image_uri": "",
                "managed_disk_id": "/subscriptions/5a8d2bcf-85f4-4625-a08e-162fcb039c1a/resourceGroups/devops_rg/providers/Microsoft.Compute/disks/myosdisk1",
                "managed_disk_type": "Standard_LRS",
                "name": "myosdisk1",
                "os_type": "Linux",
                "vhd_uri": "",
                "write_accelerator_enabled": false
              }
            ],
            "tags": {
              "environment": "staging"
            },
            "timeouts": null,
            "vm_size": "Standard_F2",
            "zones": []
          },
          "sensitive_attributes": [],
          "private": "eyJlMmJmYjczMC1lY2FhLTExZTYtOGY4OC0zNDM2M2JjN2M0YzAiOnsiY3JlYXRlIjozNjAwMDAwMDAwMDAwLCJkZWxldGUiOjM2MDAwMDAwMDAwMDAsInJlYWQiOjMwMDAwMDAwMDAwMCwidXBkYXRlIjozNjAwMDAwMDAwMDAwfX0=",
          "dependencies": [
            "azurerm_resource_group.devops_rg",
            "azurerm_subnet.Deveops_subnet",
            "azurerm_virtual_network.Deveops_VNET",
            "azurerm_network_interface.Devops_Interface",
            "azurerm_public_ip.demo-instance"
          ]
        }
      ]
    },
    {
      "mode": "managed",
      "type": "azurerm_virtual_machine_extension",
      "name": "Devops_VM_ext",
      "provider": "provider[\"registry.terraform.io/hashicorp/azurerm\"]",
      "instances": [
        {
          "schema_version": 0,
          "attributes": {
            "auto_upgrade_minor_version": false,
            "id": "/subscriptions/5a8d2bcf-85f4-4625-a08e-162fcb039c1a/resourceGroups/devops_rg/providers/Microsoft.Compute/virtualMachines/Devops_VM/extensions/newvmext",
            "name": "newvmext",
            "protected_settings": "  {\n    \"script\": \"IyEvYmluL2Jhc2gKc2V0IC14ClVTRVJfSUQ9InRlc3RhZG1pbiIKQ01EPWBldmFsICIkKHB5ZW52IGluaXQgLSkiYApESVI9Ii9ob21lLyR7VVNFUl9JRH0vLnB5ZW52IgojVVBEQVRFCiM9PT09PT09CnN1ZG8gYXB0IC15IHVwZGF0ZSA+IC9kZXYvbnVsbCAyPiYxCgoKI2luc3RhbGwgYWxsIG9mIHB5ZW524oCZcyBPUiBvdGhlciBiaW5hcnkgZGVwZW5kZW5jaWVzOgojPT09PT09PT09PT09PT09PT09PT09PT09PT09PT09PT09PT09PT09PT09PT09PT09PT09PQpzdWRvIGFwdCBpbnN0YWxsIC15IG1ha2UgYnVpbGQtZXNzZW50aWFsIGxpYnNzbC1kZXYgemxpYjFnLWRldiBsaWJiejItZGV2IGxpYnJlYWRsaW5lLWRldiBsaWJzcWxpdGUzLWRldiB3Z2V0IGN1cmwgbGx2bSBsaWJuY3Vyc2VzNS1kZXYgeHotdXRpbHMgdGstZGV2IGxpYmZmaS1kZXYgbGlibHptYS1kZXYgcHl0aG9uLW9wZW5zc2wgZ2l0ID4gL2Rldi9udWxsIDI+JjEKc3VkbyBnaXQgaW5pdCA+IC9kZXYvbnVsbCAyPiYxCgpnaXQgY2xvbmUgaHR0cHM6Ly9naXRodWIuY29tL3B5ZW52L3B5ZW52LmdpdCAvaG9tZS8ke1VTRVJfSUR9Ly5weWVudiA+IC9kZXYvbnVsbCAyPiYxCnN1ZG8gY2hvd24gLVIgJHtVU0VSX0lEfToke1VTRVJfSUR9IC9ob21lLyR7VVNFUl9JRH0vLnB5ZW52ID4gL2Rldi9udWxsIDI+JjEKCnN1ZG8gL2Jpbi9lY2hvICdleHBvcnQgUFlFTlZfUk9PVD0iJEhPTUUvLnB5ZW52IicgPj4gL2hvbWUvJHtVU0VSX0lEfS8uYmFzaHJjIApzdWRvIC9iaW4vZWNobyAnZXhwb3J0IFBBVEg9IiRQWUVOVl9ST09UL2JpbjokUEFUSCInID4+IC9ob21lLyR7VVNFUl9JRH0vLmJhc2hyYwpzdWRvIC9iaW4vZWNobyAtZSAnaWYgY29tbWFuZCAtdiBweWVudiAxPi9kZXYvbnVsbCAyPiYxOyB0aGVuXG4gZXZhbCAiJChweWVudiBpbml0IC0pIlxuZmknID4+IC9ob21lLyR7VVNFUl9JRH0vLmJhc2hyYwpzdWRvIC9iaW4vZWNobyAnZXZhbCAiJChweWVudiBpbml0IC0pIicgPj4gL2hvbWUvJHtVU0VSX0lEfS8uYmFzaHJjCnNvdXJjZSAvaG9tZS8ke1VTRVJfSUR9Ly5iYXNocmMgPiAvZGV2L251bGwgMj4mMQpzbGVlcCAzCnN1ZG8gbG4gLXMgL2hvbWUvJHtVU0VSX0lEfS8ucHllbnYvYmluL3B5ZW52IC91c3IvbG9jYWwvYmluID4gL2Rldi9udWxsIDI+JjEKI3N1ZG8gL3Vzci9sb2NhbC9iaW4vcHllbnYgaW5zdGFsbCAzLjcuOQojY2QgL2hvbWUvJHtVU0VSX0lEfS8ucHllbnYvYmluLyAmJiBzdWRvIC9ob21lLyR7VVNFUl9JRH0vLnB5ZW52L2Jpbi9weWVudiBpbnN0YWxsIDMuNy45CiMvaG9tZS8ke1VTRVJfSUR9Ly5weWVudi9iaW4vcHllbnYgdmVyc2lvbnMKCgoKCiNJbnN0YWxsIFBJUAojPT09PT09PT09PT0Kc3VkbyBhcHQgaW5zdGFsbCAteSBweXRob24tcGlwID4gL2Rldi9udWxsIDI+JjEKCgojSW5zdGFsbCBBeiBDbGkKIz09PT09PT09PT09PT09CnN1ZG8gYXB0IHVwZGF0ZSAteSA+IC9kZXYvbnVsbCAyPiYxCnN1ZG8gYXB0IGluc3RhbGwgLXkgY2EtY2VydGlmaWNhdGVzIGN1cmwgYXB0LXRyYW5zcG9ydC1odHRwcyBsc2ItcmVsZWFzZSBnbnVwZyA+IC9kZXYvbnVsbCAyPiYxCmN1cmwgLXNMIGh0dHBzOi8vcGFja2FnZXMubWljcm9zb2Z0LmNvbS9rZXlzL21pY3Jvc29mdC5hc2MgfCAgICAgZ3BnIC0tZGVhcm1vciB8ICAgICBzdWRvIHRlZSAvZXRjL2FwdC90cnVzdGVkLmdwZy5kL21pY3Jvc29mdC5ncGcgPiAvZGV2L251bGwgMj4mMQpjdXJsIC1zTCBodHRwczovL3BhY2thZ2VzLm1pY3Jvc29mdC5jb20va2V5cy9taWNyb3NvZnQuYXNjIHwKICAgIGdwZyAtLWRlYXJtb3IgfAogICAgc3VkbyB0ZWUgL2V0Yy9hcHQvdHJ1c3RlZC5ncGcuZC9taWNyb3NvZnQuZ3BnID4gL2Rldi9udWxsCgpBWl9SRVBPPSQobHNiX3JlbGVhc2UgLWNzKQplY2hvICJkZWIgW2FyY2g9YW1kNjRdIGh0dHBzOi8vcGFja2FnZXMubWljcm9zb2Z0LmNvbS9yZXBvcy9henVyZS1jbGkvICRBWl9SRVBPIG1haW4iIHwKICAgIHN1ZG8gdGVlIC9ldGMvYXB0L3NvdXJjZXMubGlzdC5kL2F6dXJlLWNsaS5saXN0CgpzdWRvIGFwdCAteSB1cGRhdGUgPiAvZGV2L251bGwgMj4mMQpzdWRvIGFwdCBpbnN0YWxsIC15IGF6dXJlLWNsaSA+IC9kZXYvbnVsbCAyPiYxCiMjIwoKI0lOU1RBTEwgQVpVUkUtQ09SRQojPT09PT09PT09PT09PT09PT09CnBpcCBpbnN0YWxsIC0tdXBncmFkZSAtLWZvcmNlLXJlaW5zdGFsbCBhenVyZS1jb3JlID4gL2Rldi9udWxsIDI+JjEKCiMjCiNJTlNUQUxMIERPQ0tFUgojPT09PT09PT09PT09PT0Kc3VkbyBhcHQtZ2V0IGluc3RhbGwgLXkgY3VybCBhcHQtdHJhbnNwb3J0LWh0dHBzIGNhLWNlcnRpZmljYXRlcyBzb2Z0d2FyZS1wcm9wZXJ0aWVzLWNvbW1vbiA+IC9kZXYvbnVsbCAyPiYxCmN1cmwgLWZzU0wgaHR0cHM6Ly9kb3dubG9hZC5kb2NrZXIuY29tL2xpbnV4L3VidW50dS9ncGcgfCBzdWRvIGFwdC1rZXkgYWRkCnN1ZG8gYWRkLWFwdC1yZXBvc2l0b3J5ICJkZWIgW2FyY2g9YW1kNjRdIGh0dHBzOi8vZG93bmxvYWQuZG9ja2VyLmNvbS9saW51eC91YnVudHUgJChsc2JfcmVsZWFzZSAtY3MpIHN0YWJsZSIKc3VkbyBhcHQtZ2V0IC15IHVwZGF0ZSA+IC9kZXYvbnVsbCAyPiYxCnN1ZG8gYXB0LWdldCBpbnN0YWxsIC15IGRvY2tlci1jZSA+IC9kZXYvbnVsbCAyPiYxCiMgTGludXggcG9zdC1pbnN0YWxsCnN1ZG8gZ3JvdXBhZGQgZG9ja2VyID4gL2Rldi9udWxsIDI+JjEKc3VkbyB1c2VybW9kIC1hRyBkb2NrZXIgJHtVU0VSX0lEfSA+IC9kZXYvbnVsbCAyPiYxCmRvY2tlciBpbmZvID4gL2Rldi9udWxsIDI+JjEKCiMjCiNJTlNUQUxMIERPQ0tFUiBDT01QT1NFCiM9PT09PT09PT09PT09PT09PT09PT09CnN1ZG8gY3VybCAtTCBodHRwczovL2dpdGh1Yi5jb20vZG9ja2VyL2NvbXBvc2UvcmVsZWFzZXMvZG93bmxvYWQvMS4xOC4wL2RvY2tlci1jb21wb3NlLWB1bmFtZSAtc2AtYHVuYW1lIC1tYCAtbyAvdXNyL2xvY2FsL2Jpbi9kb2NrZXItY29tcG9zZSA+IC9kZXYvbnVsbCAyPiYxCnN1ZG8gY2htb2QgK3ggL3Vzci9sb2NhbC9iaW4vZG9ja2VyLWNvbXBvc2UgPiAvZGV2L251bGwgMj4mMQojIyMKCiNUT09MUwojPT09PT09Cm1rZGlyIC9ob21lLyR7VVNFUl9JRH0vX3Rvb2xzICYmIGNkIC9ob21lLyR7VVNFUl9JRH0vX3Rvb2xzIApzdWRvIGxuIC1zIC91c3IvYmluL3BpcCAvaG9tZS8ke1VTRVJfSUR9L190b29scy8Kc3VkbyBsbiAtcyAvdXNyL2Jpbi9weXRob24gL2hvbWUvJHtVU0VSX0lEfS9fdG9vbHMvCnN1ZG8gbG4gLXMgL2hvbWUvdGVzdGFkbWluLy5weWVudi92ZXJzaW9ucy8zLjcuOS9iaW4vcHl0aG9uMy43ICAvaG9tZS8ke1VTRVJfSUR9L190b29scy8gPiAvZGV2L251bGwgMj4mMQoKI0NSRUFUSU5HIERJUkVDVE9SSUVTCiM9PT09PT09PT09PT09PT09PT09PT09PT09PT09PT09PT09PT09PT0KbWtkaXIgLXAgL2hvbWUvJHtVU0VSX0lEfS9teWFnZW50L193b3JrLyAmJiBjZCAvaG9tZS8ke1VTRVJfSUR9L215YWdlbnQvX3dvcmsvCm1rZGlyIC1wIC9ob21lLyR7VVNFUl9JRH0vbXlhZ2VudC9fd29yay9fdG9vbC9QeXRob24vMy43LjkveDY0ICYmIGNkIC9ob21lLyR7VVNFUl9JRH0vbXlhZ2VudC9fd29yay9fdG9vbC9QeXRob24vMy43LjkvID4gL2Rldi9udWxsIDI+JjEKdG91Y2ggeDY0LmNvbXBsZXRlCgojQ1JFQVRFIFNZTUxJTktTCiM9PT09PT09PT09PT09PT09CmNkIC9ob21lLyR7VVNFUl9JRH0vbXlhZ2VudC9fd29yay9fdG9vbC9QeXRob24vMy43LjkveDY0CiNzdWRvIGxuIC1zIC9ob21lLyR7VVNFUl9JRH0vLnB5ZW52L3ZlcnNpb25zLzMuNy45L2Jpbi9weXRob24zLjcgL2hvbWUvJHtVU0VSX0lEfS9teWFnZW50L193b3JrL190b29sL1B5dGhvbi8zLjcuOS94NjQvcHl0aG9uID4gL2Rldi9udWxsIDI+JjEKc3VkbyBsbiAtcyAvdXNyL2Jpbi9waXAgL2hvbWUvJHtVU0VSX0lEfS9teWFnZW50L193b3JrL190b29sL1B5dGhvbi8zLjcuOS94NjQvcGlwCgplY2hvICIjSU5TVEFMTEVEIFBBQ0tBR0VTIgplY2hvICIjPT09PT09PT09PT09PT09PT09IgojcHllbnYgdmVyc2lvbnMKcGlwIC0tdmVyc2lvbgpheiAtLXZlcnNpb24KZG9ja2VyIC0tdmVyc2lvbgpkb2NrZXItY29tcG9zZSAtLXZlcnNpb24KIy9ob21lLyR7VVNFUl9JRH0vLnB5ZW52L3ZlcnNpb25zLzMuNy45L2Jpbi9weXRob24zLjcgLS12ZXJzaW9uCgojZW5kIwoK\"\n  }\n",
            "publisher": "Microsoft.Azure.Extensions",
            "settings": null,
            "tags": {},
            "timeouts": null,
            "type": "CustomScript",
            "type_handler_version": "2.0",
            "virtual_machine_id": "/subscriptions/5a8d2bcf-85f4-4625-a08e-162fcb039c1a/resourceGroups/devops_rg/providers/Microsoft.Compute/virtualMachines/Devops_VM"
          },
          "sensitive_attributes": [],
          "private": "eyJlMmJmYjczMC1lY2FhLTExZTYtOGY4OC0zNDM2M2JjN2M0YzAiOnsiY3JlYXRlIjoxODAwMDAwMDAwMDAwLCJkZWxldGUiOjE4MDAwMDAwMDAwMDAsInJlYWQiOjMwMDAwMDAwMDAwMCwidXBkYXRlIjoxODAwMDAwMDAwMDAwfX0=",
          "dependencies": [
            "azurerm_virtual_machine.Devops_VM",
            "azurerm_virtual_network.Deveops_VNET",
            "azurerm_network_interface.Devops_Interface",
            "azurerm_public_ip.demo-instance",
            "azurerm_resource_group.devops_rg",
            "azurerm_subnet.Deveops_subnet"
          ]
        }
      ]
    },
    {
      "mode": "managed",
      "type": "azurerm_virtual_network",
      "name": "Deveops_VNET",
      "provider": "provider[\"registry.terraform.io/hashicorp/azurerm\"]",
      "instances": [
        {
          "schema_version": 0,
          "attributes": {
            "address_space": [
              "10.1.0.0/16"
            ],
            "bgp_community": "",
            "ddos_protection_plan": [],
            "dns_servers": [],
            "guid": "79067c4f-e607-4dc4-84e3-0c4d6c0be187",
            "id": "/subscriptions/5a8d2bcf-85f4-4625-a08e-162fcb039c1a/resourceGroups/devops_rg/providers/Microsoft.Network/virtualNetworks/Deveops_VNET",
            "location": "eastus",
            "name": "Deveops_VNET",
            "resource_group_name": "devops_rg",
            "subnet": [
              {
                "address_prefix": "10.1.2.0/24",
                "id": "/subscriptions/5a8d2bcf-85f4-4625-a08e-162fcb039c1a/resourceGroups/devops_rg/providers/Microsoft.Network/virtualNetworks/Deveops_VNET/subnets/Deveops_subnet",
                "name": "Deveops_subnet",
                "security_group": ""
              }
            ],
            "tags": {},
            "timeouts": null,
            "vm_protection_enabled": false
          },
          "sensitive_attributes": [],
          "private": "eyJlMmJmYjczMC1lY2FhLTExZTYtOGY4OC0zNDM2M2JjN2M0YzAiOnsiY3JlYXRlIjoxODAwMDAwMDAwMDAwLCJkZWxldGUiOjE4MDAwMDAwMDAwMDAsInJlYWQiOjMwMDAwMDAwMDAwMCwidXBkYXRlIjoxODAwMDAwMDAwMDAwfX0=",
          "dependencies": [
            "azurerm_resource_group.devops_rg"
          ]
        }
      ]
    }
  ]
}
